
Microsoft Visual Studio Solution File, Format Version 12.00
# Visual Studio Version 17
VisualStudioVersion = 17.8.34004.107
MinimumVisualStudioVersion = 10.0.40219.1
Project("{FAE04EC0-301F-11D3-BF4B-00C04F79EFBC}") = "UWP Toolkit", "UWP Toolkit\UWP Toolkit.csproj", "{9764D3BB-D1D6-4C76-88CA-26B75831F488}"
EndProject
Project("{9A19103F-16F7-4668-BE54-9A1E7A4F7556}") = "Preview_NET_7", "Preview\Preview_NET_7\Preview_NET_7.csproj", "{87FBCBC9-2457-45C0-B8F6-76D3B4918E41}"
EndProject
Project("{FAE04EC0-301F-11D3-BF4B-00C04F79EFBC}") = "UWP Toolkit.Controls", "UWP Toolkit.Controls\UWP Toolkit.Controls.csproj", "{8770832B-EF42-43B9-AA67-29DC59379402}"
EndProject
Project("{FAE04EC0-301F-11D3-BF4B-00C04F79EFBC}") = "TestUWP", "TestUWP\TestUWP.csproj", "{537F4D91-BF89-4302-9AE4-772B6D08237C}"
EndProject
Project("{9A19103F-16F7-4668-BE54-9A1E7A4F7556}") = "TestUWP.Core", "TestUWP.Core\TestUWP.Core.csproj", "{A40F20AB-7AB2-408B-95BA-020ABB3C8843}"
EndProject
Global
	GlobalSection(SolutionConfigurationPlatforms) = preSolution
		Debug|Any CPU = Debug|Any CPU
		Debug|ARM = Debug|ARM
		Debug|ARM64 = Debug|ARM64
		Debug|x64 = Debug|x64
		Debug|x86 = Debug|x86
		Release|Any CPU = Release|Any CPU
		Release|ARM = Release|ARM
		Release|ARM64 = Release|ARM64
		Release|x64 = Release|x64
		Release|x86 = Release|x86
	EndGlobalSection
	GlobalSection(ProjectConfigurationPlatforms) = postSolution
		{9764D3BB-D1D6-4C76-88CA-26B75831F488}.Debug|Any CPU.ActiveCfg = Debug|Any CPU
		{9764D3BB-D1D6-4C76-88CA-26B75831F488}.Debug|Any CPU.Build.0 = Debug|Any CPU
		{9764D3BB-D1D6-4C76-88CA-26B75831F488}.Debug|ARM.ActiveCfg = Debug|ARM
		{9764D3BB-D1D6-4C76-88CA-26B75831F488}.Debug|ARM.Build.0 = Debug|ARM
		{9764D3BB-D1D6-4C76-88CA-26B75831F488}.Debug|ARM64.ActiveCfg = Debug|ARM64
		{9764D3BB-D1D6-4C76-88CA-26B75831F488}.Debug|ARM64.Build.0 = Debug|ARM64
		{9764D3BB-D1D6-4C76-88CA-26B75831F488}.Debug|x64.ActiveCfg = Debug|x64
		{9764D3BB-D1D6-4C76-88CA-26B75831F488}.Debug|x64.Build.0 = Debug|x64
		{9764D3BB-D1D6-4C76-88CA-26B75831F488}.Debug|x86.ActiveCfg = Debug|x86
		{9764D3BB-D1D6-4C76-88CA-26B75831F488}.Debug|x86.Build.0 = Debug|x86
		{9764D3BB-D1D6-4C76-88CA-26B75831F488}.Release|Any CPU.ActiveCfg = Release|Any CPU
		{9764D3BB-D1D6-4C76-88CA-26B75831F488}.Release|Any CPU.Build.0 = Release|Any CPU
		{9764D3BB-D1D6-4C76-88CA-26B75831F488}.Release|ARM.ActiveCfg = Release|ARM
		{9764D3BB-D1D6-4C76-88CA-26B75831F488}.Release|ARM.Build.0 = Release|ARM
		{9764D3BB-D1D6-4C76-88CA-26B75831F488}.Release|ARM64.ActiveCfg = Release|ARM64
		{9764D3BB-D1D6-4C76-88CA-26B75831F488}.Release|ARM64.Build.0 = Release|ARM64
		{9764D3BB-D1D6-4C76-88CA-26B75831F488}.Release|x64.ActiveCfg = Release|x64
		{9764D3BB-D1D6-4C76-88CA-26B75831F488}.Release|x64.Build.0 = Release|x64
		{9764D3BB-D1D6-4C76-88CA-26B75831F488}.Release|x86.ActiveCfg = Release|x86
		{9764D3BB-D1D6-4C76-88CA-26B75831F488}.Release|x86.Build.0 = Release|x86
		{87FBCBC9-2457-45C0-B8F6-76D3B4918E41}.Debug|Any CPU.ActiveCfg = Debug|Any CPU
		{87FBCBC9-2457-45C0-B8F6-76D3B4918E41}.Debug|Any CPU.Build.0 = Debug|Any CPU
		{87FBCBC9-2457-45C0-B8F6-76D3B4918E41}.Debug|ARM.ActiveCfg = Debug|Any CPU
		{87FBCBC9-2457-45C0-B8F6-76D3B4918E41}.Debug|ARM.Build.0 = Debug|Any CPU
		{87FBCBC9-2457-45C0-B8F6-76D3B4918E41}.Debug|ARM64.ActiveCfg = Debug|Any CPU
		{87FBCBC9-2457-45C0-B8F6-76D3B4918E41}.Debug|ARM64.Build.0 = Debug|Any CPU
		{87FBCBC9-2457-45C0-B8F6-76D3B4918E41}.Debug|x64.ActiveCfg = Debug|Any CPU
		{87FBCBC9-2457-45C0-B8F6-76D3B4918E41}.Debug|x64.Build.0 = Debug|Any CPU
		{87FBCBC9-2457-45C0-B8F6-76D3B4918E41}.Debug|x86.ActiveCfg = Debug|Any CPU
		{87FBCBC9-2457-45C0-B8F6-76D3B4918E41}.Debug|x86.Build.0 = Debug|Any CPU
		{87FBCBC9-2457-45C0-B8F6-76D3B4918E41}.Release|Any CPU.ActiveCfg = Release|Any CPU
		{87FBCBC9-2457-45C0-B8F6-76D3B4918E41}.Release|Any CPU.Build.0 = Release|Any CPU
		{87FBCBC9-2457-45C0-B8F6-76D3B4918E41}.Release|ARM.ActiveCfg = Release|Any CPU
		{87FBCBC9-2457-45C0-B8F6-76D3B4918E41}.Release|ARM.Build.0 = Release|Any CPU
		{87FBCBC9-2457-45C0-B8F6-76D3B4918E41}.Release|ARM64.ActiveCfg = Release|Any CPU
		{87FBCBC9-2457-45C0-B8F6-76D3B4918E41}.Release|ARM64.Build.0 = Release|Any CPU
		{87FBCBC9-2457-45C0-B8F6-76D3B4918E41}.Release|x64.ActiveCfg = Release|Any CPU
		{87FBCBC9-2457-45C0-B8F6-76D3B4918E41}.Release|x64.Build.0 = Release|Any CPU
		{87FBCBC9-2457-45C0-B8F6-76D3B4918E41}.Release|x86.ActiveCfg = Release|Any CPU
		{87FBCBC9-2457-45C0-B8F6-76D3B4918E41}.Release|x86.Build.0 = Release|Any CPU
		{8770832B-EF42-43B9-AA67-29DC59379402}.Debug|Any CPU.ActiveCfg = Debug|Any CPU
		{8770832B-EF42-43B9-AA67-29DC59379402}.Debug|Any CPU.Build.0 = Debug|Any CPU
		{8770832B-EF42-43B9-AA67-29DC59379402}.Debug|ARM.ActiveCfg = Debug|ARM
		{8770832B-EF42-43B9-AA67-29DC59379402}.Debug|ARM.Build.0 = Debug|ARM
		{8770832B-EF42-43B9-AA67-29DC59379402}.Debug|ARM64.ActiveCfg = Debug|ARM64
		{8770832B-EF42-43B9-AA67-29DC59379402}.Debug|ARM64.Build.0 = Debug|ARM64
		{8770832B-EF42-43B9-AA67-29DC59379402}.Debug|x64.ActiveCfg = Debug|x64
		{8770832B-EF42-43B9-AA67-29DC59379402}.Debug|x64.Build.0 = Debug|x64
		{8770832B-EF42-43B9-AA67-29DC59379402}.Debug|x86.ActiveCfg = Debug|x86
		{8770832B-EF42-43B9-AA67-29DC59379402}.Debug|x86.Build.0 = Debug|x86
		{8770832B-EF42-43B9-AA67-29DC59379402}.Release|Any CPU.ActiveCfg = Release|Any CPU
		{8770832B-EF42-43B9-AA67-29DC59379402}.Release|Any CPU.Build.0 = Release|Any CPU
		{8770832B-EF42-43B9-AA67-29DC59379402}.Release|ARM.ActiveCfg = Release|ARM
		{8770832B-EF42-43B9-AA67-29DC59379402}.Release|ARM.Build.0 = Release|ARM
		{8770832B-EF42-43B9-AA67-29DC59379402}.Release|ARM64.ActiveCfg = Release|ARM64
		{8770832B-EF42-43B9-AA67-29DC59379402}.Release|ARM64.Build.0 = Release|ARM64
		{8770832B-EF42-43B9-AA67-29DC59379402}.Release|x64.ActiveCfg = Release|x64
		{8770832B-EF42-43B9-AA67-29DC59379402}.Release|x64.Build.0 = Release|x64
		{8770832B-EF42-43B9-AA67-29DC59379402}.Release|x86.ActiveCfg = Release|x86
		{8770832B-EF42-43B9-AA67-29DC59379402}.Release|x86.Build.0 = Release|x86
		{537F4D91-BF89-4302-9AE4-772B6D08237C}.Debug|Any CPU.ActiveCfg = Debug|x64
		{537F4D91-BF89-4302-9AE4-772B6D08237C}.Debug|Any CPU.Build.0 = Debug|x64
		{537F4D91-BF89-4302-9AE4-772B6D08237C}.Debug|Any CPU.Deploy.0 = Debug|x64
		{537F4D91-BF89-4302-9AE4-772B6D08237C}.Debug|ARM.ActiveCfg = Debug|ARM
		{537F4D91-BF89-4302-9AE4-772B6D08237C}.Debug|ARM.Build.0 = Debug|ARM
		{537F4D91-BF89-4302-9AE4-772B6D08237C}.Debug|ARM.Deploy.0 = Debug|ARM
		{537F4D91-BF89-4302-9AE4-772B6D08237C}.Debug|ARM64.ActiveCfg = Debug|ARM64
		{537F4D91-BF89-4302-9AE4-772B6D08237C}.Debug|ARM64.Build.0 = Debug|ARM64
		{537F4D91-BF89-4302-9AE4-772B6D08237C}.Debug|ARM64.Deploy.0 = Debug|ARM64
		{537F4D91-BF89-4302-9AE4-772B6D08237C}.Debug|x64.ActiveCfg = Debug|x64
		{537F4D91-BF89-4302-9AE4-772B6D08237C}.Debug|x64.Build.0 = Debug|x64
		{537F4D91-BF89-4302-9AE4-772B6D08237C}.Debug|x64.Deploy.0 = Debug|x64
		{537F4D91-BF89-4302-9AE4-772B6D08237C}.Debug|x86.ActiveCfg = Debug|x86
		{537F4D91-BF89-4302-9AE4-772B6D08237C}.Debug|x86.Build.0 = Debug|x86
		{537F4D91-BF89-4302-9AE4-772B6D08237C}.Debug|x86.Deploy.0 = Debug|x86
		{537F4D91-BF89-4302-9AE4-772B6D08237C}.Release|Any CPU.ActiveCfg = Release|x64
		{537F4D91-BF89-4302-9AE4-772B6D08237C}.Release|Any CPU.Build.0 = Release|x64
		{537F4D91-BF89-4302-9AE4-772B6D08237C}.Release|Any CPU.Deploy.0 = Release|x64
		{537F4D91-BF89-4302-9AE4-772B6D08237C}.Release|ARM.ActiveCfg = Release|ARM
		{537F4D91-BF89-4302-9AE4-772B6D08237C}.Release|ARM.Build.0 = Release|ARM
		{537F4D91-BF89-4302-9AE4-772B6D08237C}.Release|ARM.Deploy.0 = Release|ARM
		{537F4D91-BF89-4302-9AE4-772B6D08237C}.Release|ARM64.ActiveCfg = Release|ARM64
		{537F4D91-BF89-4302-9AE4-772B6D08237C}.Release|ARM64.Build.0 = Release|ARM64
		{537F4D91-BF89-4302-9AE4-772B6D08237C}.Release|ARM64.Deploy.0 = Release|ARM64
		{537F4D91-BF89-4302-9AE4-772B6D08237C}.Release|x64.ActiveCfg = Release|x64
		{537F4D91-BF89-4302-9AE4-772B6D08237C}.Release|x64.Build.0 = Release|x64
		{537F4D91-BF89-4302-9AE4-772B6D08237C}.Release|x64.Deploy.0 = Release|x64
		{537F4D91-BF89-4302-9AE4-772B6D08237C}.Release|x86.ActiveCfg = Release|x86
		{537F4D91-BF89-4302-9AE4-772B6D08237C}.Release|x86.Build.0 = Release|x86
		{537F4D91-BF89-4302-9AE4-772B6D08237C}.Release|x86.Deploy.0 = Release|x86
		{A40F20AB-7AB2-408B-95BA-020ABB3C8843}.Debug|Any CPU.ActiveCfg = Debug|Any CPU
		{A40F20AB-7AB2-408B-95BA-020ABB3C8843}.Debug|Any CPU.Build.0 = Debug|Any CPU
		{A40F20AB-7AB2-408B-95BA-020ABB3C8843}.Debug|ARM.ActiveCfg = Debug|Any CPU
		{A40F20AB-7AB2-408B-95BA-020ABB3C8843}.Debug|ARM.Build.0 = Debug|Any CPU
		{A40F20AB-7AB2-408B-95BA-020ABB3C8843}.Debug|ARM64.ActiveCfg = Debug|Any CPU
		{A40F20AB-7AB2-408B-95BA-020ABB3C8843}.Debug|ARM64.Build.0 = Debug|Any CPU
		{A40F20AB-7AB2-408B-95BA-020ABB3C8843}.Debug|x64.ActiveCfg = Debug|Any CPU
		{A40F20AB-7AB2-408B-95BA-020ABB3C8843}.Debug|x64.Build.0 = Debug|Any CPU
		{A40F20AB-7AB2-408B-95BA-020ABB3C8843}.Debug|x86.ActiveCfg = Debug|Any CPU
		{A40F20AB-7AB2-408B-95BA-020ABB3C8843}.Debug|x86.Build.0 = Debug|Any CPU
		{A40F20AB-7AB2-408B-95BA-020ABB3C8843}.Release|Any CPU.ActiveCfg = Release|Any CPU
		{A40F20AB-7AB2-408B-95BA-020ABB3C8843}.Release|Any CPU.Build.0 = Release|Any CPU
		{A40F20AB-7AB2-408B-95BA-020ABB3C8843}.Release|ARM.ActiveCfg = Release|Any CPU
		{A40F20AB-7AB2-408B-95BA-020ABB3C8843}.Release|ARM.Build.0 = Release|Any CPU
		{A40F20AB-7AB2-408B-95BA-020ABB3C8843}.Release|ARM64.ActiveCfg = Release|Any CPU
		{A40F20AB-7AB2-408B-95BA-020ABB3C8843}.Release|ARM64.Build.0 = Release|Any CPU
		{A40F20AB-7AB2-408B-95BA-020ABB3C8843}.Release|x64.ActiveCfg = Release|Any CPU
		{A40F20AB-7AB2-408B-95BA-020ABB3C8843}.Release|x64.Build.0 = Release|Any CPU
		{A40F20AB-7AB2-408B-95BA-020ABB3C8843}.Release|x86.ActiveCfg = Release|Any CPU
		{A40F20AB-7AB2-408B-95BA-020ABB3C8843}.Release|x86.Build.0 = Release|Any CPU
	EndGlobalSection
	GlobalSection(SolutionProperties) = preSolution
		HideSolutionNode = FALSE
	EndGlobalSection
	GlobalSection(ExtensibilityGlobals) = postSolution
		SolutionGuid = {7105AD06-F319-46E8-8535-B6328DACDFCA}
	EndGlobalSection
EndGlobal
